<?xml version="1.0" encoding="utf-8"?>
<Project ToolsVersion="4.0" xmlns="http://schemas.microsoft.com/developer/msbuild/2003">
  <ItemGroup>
    <Filter Include="Resource Files">
      <UniqueIdentifier>{67DA6AB6-F800-4c08-8B7A-83BB121AAD01}</UniqueIdentifier>
      <Extensions>rc;ico;cur;bmp;dlg;rc2;rct;bin;rgs;gif;jpg;jpeg;jpe;resx;tiff;tif;png;wav;mfcribbon-ms</Extensions>
    </Filter>
    <Filter Include="Main">
      <UniqueIdentifier>{bea6a556-952f-4f1b-8e48-0b611289c4d5}</UniqueIdentifier>
    </Filter>
    <Filter Include="Network">
      <UniqueIdentifier>{098eac35-8264-4101-869f-cb92e9a790c9}</UniqueIdentifier>
    </Filter>
  </ItemGroup>
  <ItemGroup>
    <ClCompile Include="ChatGlobal.cpp">
      <Filter>Network</Filter>
    </ClCompile>
    <ClCompile Include="ChatRoom.cpp">
      <Filter>Network</Filter>
    </ClCompile>
    <ClCompile Include="ChatRoomManager.cpp">
      <Filter>Network</Filter>
    </ClCompile>
    <ClCompile Include="ChatServerMain.cpp">
      <Filter>Main</Filter>
    </ClCompile>
    <ClCompile Include="ChatServer.cpp">
      <Filter>Network</Filter>
    </ClCompile>
    <ClCompile Include="ChatSession.cpp">
      <Filter>Network</Filter>
    </ClCompile>
    <ClCompile Include="ChatSessionFactory.cpp">
      <Filter>Network</Filter>
    </ClCompile>
    <ClCompile Include="Listener.cpp">
      <Filter>Network</Filter>
    </ClCompile>
    <ClCompile Include="UserManager.cpp">
      <Filter>Network</Filter>
    </ClCompile>
  </ItemGroup>
  <ItemGroup>
    <None Include="ChatServerConfig.ini">
      <Filter>Resource Files</Filter>
    </None>
  </ItemGroup>
  <ItemGroup>
    <ClInclude Include="ChatGlobal.h">
      <Filter>Network</Filter>
    </ClInclude>
    <ClInclude Include="ChatProtocol.h">
      <Filter>Network</Filter>
    </ClInclude>
    <ClInclude Include="ChatRoom.h">
      <Filter>Network</Filter>
    </ClInclude>
    <ClInclude Include="ChatRoomManager.h">
      <Filter>Network</Filter>
    </ClInclude>
    <ClInclude Include="ChatServer.h">
      <Filter>Network</Filter>
    </ClInclude>
    <ClInclude Include="ChatSession.h">
      <Filter>Network</Filter>
    </ClInclude>
    <ClInclude Include="ChatSessionFactory.h">
      <Filter>Network</Filter>
    </ClInclude>
    <ClInclude Include="Listener.h">
      <Filter>Network</Filter>
    </ClInclude>
    <ClInclude Include="UserManager.h">
      <Filter>Network</Filter>
    </ClInclude>
  </ItemGroup>
</Project>
